{
  "name": "memoza-auth-gateway",
  "lockfileVersion": 3,
  "requires": true,
  "packages": {
    "": {
      "name": "memoza-auth-gateway",
      "workspaces": [
        "shared",
        "auth-worker",
        "gateway-worker"
      ],
      "devDependencies": {
        "@cloudflare/workers-types": "^4.20241230.0",
        "typescript": "^5.7.2"
      }
    },
    "auth-worker": {
      "version": "1.0.0",
      "dependencies": {
        "@memoza/shared": "*"
      }
    },
    "gateway-worker": {
      "version": "1.0.0",
      "dependencies": {
        "@memoza/shared": "*",
        "jose": "^5.2.4"
      }
    },
    "node_modules/@cloudflare/workers-types": {
      "version": "4.20260611.1",
      "resolved": "https://registry.npmjs.org/@cloudflare/workers-types/-/workers-types-4.20260611.1.tgz",
      "integrity": "sha512-DLiz8Ol1OIWLigJ+dGvuQ5Nm66D/CHNPasl8YnPiz6fGo10ggYSIVuEDMlFk6oho+piAHstNmZMl088w8xqW6g==",
      "dev": true,
      "license": "MIT OR Apache-2.0"
    },
    "node_modules/@memoza/shared": {
      "resolved": "shared",
      "link": true
    },
    "node_modules/auth-worker": {
      "resolved": "auth-worker",
      "link": true
    },
    "node_modules/gateway-worker": {
      "resolved": "gateway-worker",
      "link": true
    },
    "node_modules/jose": {
      "version": "5.10.0",
      "resolved": "https://registry.npmjs.org/jose/-/jose-5.10.0.tgz",
      "integrity": "sha512-s+3Al/p9g32Iq+oqXxkW//7jk2Vig6FF1CFqzVXoTUXt2qz89YWbL+OwS17NFYEvxC35n0FKeGO2LGYSxeM2Gg==",
      "license": "MIT",
      "funding": {
        "url": "https://github.com/sponsors/panva"
      }
    },
    "node_modules/typescript": {
      "version": "5.9.3",
      "resolved": "https://registry.npmjs.org/typescript/-/typescript-5.9.3.tgz",
      "integrity": "sha512-jl1vZzPDinLr9eUt3J/t7V6FgNEw9QjvBPdysz9KfQDD41fQrC2Y4vKQdiaUpFT4bXlb1RHhLpp8wtm6M5TgSw==",
      "dev": true,
      "license": "Apache-2.0",
      "bin": {
        "tsc": "bin/tsc",
        "tsserver": "bin/tsserver"
      },
      "engines": {
        "node": ">=14.17"
      }
    },
    "shared": {
      "name": "@memoza/shared",
      "version": "1.0.0",
      "dependencies": {
        "jose": "^5.2.4"
      }
    }
  }
}
